// !$*UTF8*$!
{
	archiveVersion = 1;
	classes = {
	};
	objectVersion = 55;
	objects = {

/* Begin PBXBuildFile section */
		846658AE2886138600D3FD3C /* PersonnelViewController.swift in Sources */ = {isa = PBXBuildFile; fileRef = 846658AD2886138600D3FD3C /* PersonnelViewController.swift */; };
		84B3F0372875EAC600F04C49 /* AppDelegate.swift in Sources */ = {isa = PBXBuildFile; fileRef = 84B3F0362875EAC600F04C49 /* AppDelegate.swift */; };
		84B3F0392875EAC600F04C49 /* SceneDelegate.swift in Sources */ = {isa = PBXBuildFile; fileRef = 84B3F0382875EAC600F04C49 /* SceneDelegate.swift */; };
		84B3F03B2875EAC600F04C49 /* MainViewController.swift in Sources */ = {isa = PBXBuildFile; fileRef = 84B3F03A2875EAC600F04C49 /* MainViewController.swift */; };
		84B3F03E2875EAC600F04C49 /* Main.storyboard in Resources */ = {isa = PBXBuildFile; fileRef = 84B3F03C2875EAC600F04C49 /* Main.storyboard */; };
		84B3F0402875EACB00F04C49 /* Assets.xcassets in Resources */ = {isa = PBXBuildFile; fileRef = 84B3F03F2875EACB00F04C49 /* Assets.xcassets */; };
		84B3F0432875EACB00F04C49 /* LaunchScreen.storyboard in Resources */ = {isa = PBXBuildFile; fileRef = 84B3F0412875EACB00F04C49 /* LaunchScreen.storyboard */; };
		84BB4DCA287F1E86003B30F1 /* LossesManager.swift in Sources */ = {isa = PBXBuildFile; fileRef = 84BB4DC9287F1E86003B30F1 /* LossesManager.swift */; };
		84CDD2E5287C8AC200B122F1 /* EquipmentViewController.swift in Sources */ = {isa = PBXBuildFile; fileRef = 84CDD2E4287C8AC200B122F1 /* EquipmentViewController.swift */; };
		84D35E4E287B155D00AA21F9 /* DateBrain.swift in Sources */ = {isa = PBXBuildFile; fileRef = 84D35E4D287B155D00AA21F9 /* DateBrain.swift */; };
		84FC7293287F6D4500E42B96 /* LossesData.swift in Sources */ = {isa = PBXBuildFile; fileRef = 84FC7292287F6D4500E42B96 /* LossesData.swift */; };
/* End PBXBuildFile section */

/* Begin PBXFileReference section */
		846658AD2886138600D3FD3C /* PersonnelViewController.swift */ = {isa = PBXFileReference; lastKnownFileType = sourcecode.swift; path = PersonnelViewController.swift; sourceTree = "<group>"; };
		84B3F0332875EAC600F04C49 /* Enemy Losses.app */ = {isa = PBXFileReference; explicitFileType = wrapper.application; includeInIndex = 0; path = "Enemy Losses.app"; sourceTree = BUILT_PRODUCTS_DIR; };
		84B3F0362875EAC600F04C49 /* AppDelegate.swift */ = {isa = PBXFileReference; lastKnownFileType = sourcecode.swift; path = AppDelegate.swift; sourceTree = "<group>"; };
		84B3F0382875EAC600F04C49 /* SceneDelegate.swift */ = {isa = PBXFileReference; lastKnownFileType = sourcecode.swift; path = SceneDelegate.swift; sourceTree = "<group>"; };
		84B3F03A2875EAC600F04C49 /* MainViewController.swift */ = {isa = PBXFileReference; lastKnownFileType = sourcecode.swift; path = MainViewController.swift; sourceTree = "<group>"; };
		84B3F03D2875EAC600F04C49 /* Base */ = {isa = PBXFileReference; lastKnownFileType = file.storyboard; name = Base; path = Base.lproj/Main.storyboard; sourceTree = "<group>"; };
		84B3F03F2875EACB00F04C49 /* Assets.xcassets */ = {isa = PBXFileReference; lastKnownFileType = folder.assetcatalog; path = Assets.xcassets; sourceTree = "<group>"; };
		84B3F0422875EACB00F04C49 /* Base */ = {isa = PBXFileReference; lastKnownFileType = file.storyboard; name = Base; path = Base.lproj/LaunchScreen.storyboard; sourceTree = "<group>"; };
		84B3F0442875EACB00F04C49 /* Info.plist */ = {isa = PBXFileReference; lastKnownFileType = text.plist.xml; path = Info.plist; sourceTree = "<group>"; };
		84BB4DC9287F1E86003B30F1 /* LossesManager.swift */ = {isa = PBXFileReference; lastKnownFileType = sourcecode.swift; path = LossesManager.swift; sourceTree = "<group>"; };
		84CDD2E4287C8AC200B122F1 /* EquipmentViewController.swift */ = {isa = PBXFileReference; lastKnownFileType = sourcecode.swift; path = EquipmentViewController.swift; sourceTree = "<group>"; };
		84D35E4D287B155D00AA21F9 /* DateBrain.swift */ = {isa = PBXFileReference; lastKnownFileType = sourcecode.swift; path = DateBrain.swift; sourceTree = "<group>"; };
		84FC7292287F6D4500E42B96 /* LossesData.swift */ = {isa = PBXFileReference; lastKnownFileType = sourcecode.swift; path = LossesData.swift; sourceTree = "<group>"; };
/* End PBXFileReference section */

/* Begin PBXFrameworksBuildPhase section */
		84B3F0302875EAC600F04C49 /* Frameworks */ = {
			isa = PBXFrameworksBuildPhase;
			buildActionMask = 2147483647;
			files = (
			);
			runOnlyForDeploymentPostprocessing = 0;
		};
/* End PBXFrameworksBuildPhase section */

/* Begin PBXGroup section */
		84B3F02A2875EAC600F04C49 = {
			isa = PBXGroup;
			children = (
				84B3F0352875EAC600F04C49 /* Enemy Losses */,
				84B3F0342875EAC600F04C49 /* Products */,
			);
			sourceTree = "<group>";
		};
		84B3F0342875EAC600F04C49 /* Products */ = {
			isa = PBXGroup;
			children = (
				84B3F0332875EAC600F04C49 /* Enemy Losses.app */,
			);
			name = Products;
			sourceTree = "<group>";
		};
		84B3F0352875EAC600F04C49 /* Enemy Losses */ = {
			isa = PBXGroup;
			children = (
				84B3F0362875EAC600F04C49 /* AppDelegate.swift */,
				84B3F0382875EAC600F04C49 /* SceneDelegate.swift */,
				84D35E4B287B12E200AA21F9 /* Models */,
				84D35E4C287B130B00AA21F9 /* Views */,
				84D35E4A287B12CD00AA21F9 /* Controllers */,
				84B3F03F2875EACB00F04C49 /* Assets.xcassets */,
				84B3F0412875EACB00F04C49 /* LaunchScreen.storyboard */,
				84B3F0442875EACB00F04C49 /* Info.plist */,
			);
			path = "Enemy Losses";
			sourceTree = "<group>";
		};
		84D35E4A287B12CD00AA21F9 /* Controllers */ = {
			isa = PBXGroup;
			children = (
				84B3F03A2875EAC600F04C49 /* MainViewController.swift */,
				84CDD2E4287C8AC200B122F1 /* EquipmentViewController.swift */,
				846658AD2886138600D3FD3C /* PersonnelViewController.swift */,
			);
			path = Controllers;
			sourceTree = "<group>";
		};
		84D35E4B287B12E200AA21F9 /* Models */ = {
			isa = PBXGroup;
			children = (
				84D35E4D287B155D00AA21F9 /* DateBrain.swift */,
				84BB4DC9287F1E86003B30F1 /* LossesManager.swift */,
				84FC7292287F6D4500E42B96 /* LossesData.swift */,
			);
			path = Models;
			sourceTree = "<group>";
		};
		84D35E4C287B130B00AA21F9 /* Views */ = {
			isa = PBXGroup;
			children = (
				84B3F03C2875EAC600F04C49 /* Main.storyboard */,
			);
			path = Views;
			sourceTree = "<group>";
		};
/* End PBXGroup section */

/* Begin PBXNativeTarget section */
		84B3F0322875EAC600F04C49 /* Enemy Losses */ = {
			isa = PBXNativeTarget;
			buildConfigurationList = 84B3F0472875EACB00F04C49 /* Build configuration list for PBXNativeTarget "Enemy Losses" */;
			buildPhases = (
				84B3F02F2875EAC600F04C49 /* Sources */,
				84B3F0302875EAC600F04C49 /* Frameworks */,
				84B3F0312875EAC600F04C49 /* Resources */,
			);
			buildRules = (
			);
			dependencies = (
			);
			name = "Enemy Losses";
			productName = "Enemy Losses";
			productReference = 84B3F0332875EAC600F04C49 /* Enemy Losses.app */;
			productType = "com.apple.product-type.application";
		};
/* End PBXNativeTarget section */

/* Begin PBXProject section */
		84B3F02B2875EAC600F04C49 /* Project object */ = {
			isa = PBXProject;
			attributes = {
				BuildIndependentTargetsInParallel = 1;
				LastSwiftUpdateCheck = 1320;
				LastUpgradeCheck = 1320;
				TargetAttributes = {
					84B3F0322875EAC600F04C49 = {
						CreatedOnToolsVersion = 13.2.1;
					};
				};
			};
			buildConfigurationList = 84B3F02E2875EAC600F04C49 /* Build configuration list for PBXProject "Enemy Losses" */;
			compatibilityVersion = "Xcode 13.0";
			developmentRegion = en;
			hasScannedForEncodings = 0;
			knownRegions = (
				en,
				Base,
			);
			mainGroup = 84B3F02A2875EAC600F04C49;
			productRefGroup = 84B3F0342875EAC600F04C49 /* Products */;
			projectDirPath = "";
			projectRoot = "";
			targets = (
				84B3F0322875EAC600F04C49 /* Enemy Losses */,
			);
		};
/* End PBXProject section */

/* Begin PBXResourcesBuildPhase section */
		84B3F0312875EAC600F04C49 /* Resources */ = {
			isa = PBXResourcesBuildPhase;
			buildActionMask = 2147483647;
			files = (
				84B3F0432875EACB00F04C49 /* LaunchScreen.storyboard in Resources */,
				84B3F0402875EACB00F04C49 /* Assets.xcassets in Resources */,
				84B3F03E2875EAC600F04C49 /* Main.storyboard in Resources */,
			);
			runOnlyForDeploymentPostprocessing = 0;
		};
/* End PBXResourcesBuildPhase section */

/* Begin PBXSourcesBuildPhase section */
		84B3F02F2875EAC600F04C49 /* Sources */ = {
			isa = PBXSourcesBuildPhase;
			buildActionMask = 2147483647;
			files = (
				84BB4DCA287F1E86003B30F1 /* LossesManager.swift in Sources */,
				84FC7293287F6D4500E42B96 /* LossesData.swift in Sources */,
				84CDD2E5287C8AC200B122F1 /* EquipmentViewController.swift in Sources */,
				84D35E4E287B155D00AA21F9 /* DateBrain.swift in Sources */,
				84B3F03B2875EAC600F04C49 /* MainViewController.swift in Sources */,
				846658AE2886138600D3FD3C /* PersonnelViewController.swift in Sources */,
				84B3F0372875EAC600F04C49 /* AppDelegate.swift in Sources */,
				84B3F0392875EAC600F04C49 /* SceneDelegate.swift in Sources */,
			);
			runOnlyForDeploymentPostprocessing = 0;
		};
/* End PBXSourcesBuildPhase section */

/* Begin PBXVariantGroup section */
		84B3F03C2875EAC600F04C49 /* Main.storyboard */ = {
			isa = PBXVariantGroup;
			children = (
				84B3F03D2875EAC600F04C49 /* Base */,
			);
			name = Main.storyboard;
			sourceTree = "<group>";
		};
		84B3F0412875EACB00F04C49 /* LaunchScreen.storyboard */ = {
			isa = PBXVariantGroup;
			children = (
				84B3F0422875EACB00F04C49 /* Base */,
			);
			name = LaunchScreen.storyboard;
			sourceTree = "<group>";
		};
/* End PBXVariantGroup section */

/* Begin XCBuildConfiguration section */
		84B3F0452875EACB00F04C49 /* Debug */ = {
			isa = XCBuildConfiguration;
			buildSettings = {
				ALWAYS_SEARCH_USER_PATHS = NO;
				CLANG_ANALYZER_NONNULL = YES;
				CLANG_ANALYZER_NUMBER_OBJECT_CONVERSION = YES_AGGRESSIVE;
				CLANG_CXX_LANGUAGE_STANDARD = "gnu++17";
				CLANG_CXX_LIBRARY = "libc++";
				CLANG_ENABLE_MODULES = YES;
				CLANG_ENABLE_OBJC_ARC = YES;
				CLANG_ENABLE_OBJC_WEAK = YES;
				CLANG_WARN_BLOCK_CAPTURE_AUTORELEASING = YES;
				CLANG_WARN_BOOL_CONVERSION = YES;
				CLANG_WARN_COMMA = YES;
				CLANG_WARN_CONSTANT_CONVERSION = YES;
				CLANG_WARN_DEPRECATED_OBJC_IMPLEMENTATIONS = YES;
				CLANG_WARN_DIRECT_OBJC_ISA_USAGE = YES_ERROR;
				CLANG_WARN_DOCUMENTATION_COMMENTS = YES;
				CLANG_WARN_EMPTY_BODY = YES;
				CLANG_WARN_ENUM_CONVERSION = YES;
				CLANG_WARN_INFINITE_RECURSION = YES;
				CLANG_WARN_INT_CONVERSION = YES;
				CLANG_WARN_NON_LITERAL_NULL_CONVERSION = YES;
				CLANG_WARN_OBJC_IMPLICIT_RETAIN_SELF = YES;
				CLANG_WARN_OBJC_LITERAL_CONVERSION = YES;
				CLANG_WARN_OBJC_ROOT_CLASS = YES_ERROR;
				CLANG_WARN_QUOTED_INCLUDE_IN_FRAMEWORK_HEADER = YES;
				CLANG_WARN_RANGE_LOOP_ANALYSIS = YES;
				CLANG_WARN_STRICT_PROTOTYPES = YES;
				CLANG_WARN_SUSPICIOUS_MOVE = YES;
				CLANG_WARN_UNGUARDED_AVAILABILITY = YES_AGGRESSIVE;
				CLANG_WARN_UNREACHABLE_CODE = YES;
				CLANG_WARN__DUPLICATE_METHOD_MATCH = YES;
				COPY_PHASE_STRIP = NO;
				DEBUG_INFORMATION_FORMAT = dwarf;
				ENABLE_STRICT_OBJC_MSGSEND = YES;
				ENABLE_TESTABILITY = YES;
				GCC_C_LANGUAGE_STANDARD = gnu11;
				GCC_DYNAMIC_NO_PIC = NO;
				GCC_NO_COMMON_BLOCKS = YES;
				GCC_OPTIMIZATION_LEVEL = 0;
				GCC_PREPROCESSOR_DEFINITIONS = (
					"DEBUG=1",
					"$(inherited)",
				);
				GCC_WARN_64_TO_32_BIT_CONVERSION = YES;
				GCC_WARN_ABOUT_RETURN_TYPE = YES_ERROR;
				GCC_WARN_UNDECLARED_SELECTOR = YES;
				GCC_WARN_UNINITIALIZED_AUTOS = YES_AGGRESSIVE;
				GCC_WARN_UNUSED_FUNCTION = YES;
				GCC_WARN_UNUSED_VARIABLE = YES;
				IPHONEOS_DEPLOYMENT_TARGET = 15.2;
				MTL_ENABLE_DEBUG_INFO = INCLUDE_SOURCE;
				MTL_FAST_MATH = YES;
				ONLY_ACTIVE_ARCH = YES;
				SDKROOT = iphoneos;
				SWIFT_ACTIVE_COMPILATION_CONDITIONS = DEBUG;
				SWIFT_OPTIMIZATION_LEVEL = "-Onone";
			};
			name = Debug;
		};
		84B3F0462875EACB00F04C49 /* Release */ = {
			isa = XCBuildConfiguration;
			buildSettings = {
				ALWAYS_SEARCH_USER_PATHS = NO;
				CLANG_ANALYZER_NONNULL = YES;
				CLANG_ANALYZER_NUMBER_OBJECT_CONVERSION = YES_AGGRESSIVE;
				CLANG_CXX_LANGUAGE_STANDARD = "gnu++17";
				CLANG_CXX_LIBRARY = "libc++";
				CLANG_ENABLE_MODULES = YES;
				CLANG_ENABLE_OBJC_ARC = YES;
				CLANG_ENABLE_OBJC_WEAK = YES;
				CLANG_WARN_BLOCK_CAPTURE_AUTORELEASING = YES;
				CLANG_WARN_BOOL_CONVERSION = YES;
				CLANG_WARN_COMMA = YES;
				CLANG_WARN_CONSTANT_CONVERSION = YES;
				CLANG_WARN_DEPRECATED_OBJC_IMPLEMENTATIONS = YES;
				CLANG_WARN_DIRECT_OBJC_ISA_USAGE = YES_ERROR;
				CLANG_WARN_DOCUMENTATION_COMMENTS = YES;
				CLANG_WARN_EMPTY_BODY = YES;
				CLANG_WARN_ENUM_CONVERSION = YES;
				CLANG_WARN_INFINITE_RECURSION = YES;
				CLANG_WARN_INT_CONVERSION = YES;
				CLANG_WARN_NON_LITERAL_NULL_CONVERSION = YES;
				CLANG_WARN_OBJC_IMPLICIT_RETAIN_SELF = YES;
				CLANG_WARN_OBJC_LITERAL_CONVERSION = YES;
				CLANG_WARN_OBJC_ROOT_CLASS = YES_ERROR;
				CLANG_WARN_QUOTED_INCLUDE_IN_FRAMEWORK_HEADER = YES;
				CLANG_WARN_RANGE_LOOP_ANALYSIS = YES;
				CLANG_WARN_STRICT_PROTOTYPES = YES;
				CLANG_WARN_SUSPICIOUS_MOVE = YES;
				CLANG_WARN_UNGUARDED_AVAILABILITY = YES_AGGRESSIVE;
				CLANG_WARN_UNREACHABLE_CODE = YES;
				CLANG_WARN__DUPLICATE_METHOD_MATCH = YES;
				COPY_PHASE_STRIP = NO;
				DEBUG_INFORMATION_FORMAT = "dwarf-with-dsym";
				ENABLE_NS_ASSERTIONS = NO;
				ENABLE_STRICT_OBJC_MSGSEND = YES;
				GCC_C_LANGUAGE_STANDARD = gnu11;
				GCC_NO_COMMON_BLOCKS = YES;
				GCC_WARN_64_TO_32_BIT_CONVERSION = YES;
				GCC_WARN_ABOUT_RETURN_TYPE = YES_ERROR;
				GCC_WARN_UNDECLARED_SELECTOR = YES;
				GCC_WARN_UNINITIALIZED_AUTOS = YES_AGGRESSIVE;
				GCC_WARN_UNUSED_FUNCTION = YES;
				GCC_WARN_UNUSED_VARIABLE = YES;
				IPHONEOS_DEPLOYMENT_TARGET = 15.2;
				MTL_ENABLE_DEBUG_INFO = NO;
				MTL_FAST_MATH = YES;
				SDKROOT = iphoneos;
				SWIFT_COMPILATION_MODE = wholemodule;
				SWIFT_OPTIMIZATION_LEVEL = "-O";
				VALIDATE_PRODUCT = YES;
			};
			name = Release;
		};
		84B3F0482875EACB00F04C49 /* Debug */ = {
			isa = XCBuildConfiguration;
			buildSettings = {
				ASSETCATALOG_COMPILER_APPICON_NAME = AppIcon;
				ASSETCATALOG_COMPILER_GLOBAL_ACCENT_COLOR_NAME = AccentColor;
				CODE_SIGN_STYLE = Automatic;
				CURRENT_PROJECT_VERSION = 1;
				GENERATE_INFOPLIST_FILE = YES;
				INFOPLIST_FILE = "Enemy Losses/Info.plist";
				INFOPLIST_KEY_UIApplicationSupportsIndirectInputEvents = YES;
				INFOPLIST_KEY_UILaunchStoryboardName = LaunchScreen;
				INFOPLIST_KEY_UIMainStoryboardFile = Main;
				INFOPLIST_KEY_UISupportedInterfaceOrientations = "UIInterfaceOrientationPortrait UIInterfaceOrientationLandscapeLeft UIInterfaceOrientationLandscapeRight";
				INFOPLIST_KEY_UISupportedInterfaceOrientations_iPad = "UIInterfaceOrientationPortrait UIInterfaceOrientationPortraitUpsideDown UIInterfaceOrientationLandscapeLeft UIInterfaceOrientationLandscapeRight";
				INFOPLIST_KEY_UISupportedInterfaceOrientations_iPhone = "UIInterfaceOrientationPortrait UIInterfaceOrientationLandscapeLeft UIInterfaceOrientationLandscapeRight";
				LD_RUNPATH_SEARCH_PATHS = (
					"$(inherited)",
					"@executable_path/Frameworks",
				);
				MARKETING_VERSION = 1.0;
				PRODUCT_BUNDLE_IDENTIFIER = "zakhar.kondratiuk.com.Enemy-Losses";
				PRODUCT_NAME = "$(TARGET_NAME)";
				SWIFT_EMIT_LOC_STRINGS = YES;
				SWIFT_VERSION = 5.0;
				TARGETED_DEVICE_FAMILY = "1,2";
			};
			name = Debug;
		};
		84B3F0492875EACB00F04C49 /* Release */ = {
			isa = XCBuildConfiguration;
			buildSettings = {
				ASSETCATALOG_COMPILER_APPICON_NAME = AppIcon;
				ASSETCATALOG_COMPILER_GLOBAL_ACCENT_COLOR_NAME = AccentColor;
				CODE_SIGN_STYLE = Automatic;
				CURRENT_PROJECT_VERSION = 1;
				GENERATE_INFOPLIST_FILE = YES;
				INFOPLIST_FILE = "Enemy Losses/Info.plist";
				INFOPLIST_KEY_UIApplicationSupportsIndirectInputEvents = YES;
				INFOPLIST_KEY_UILaunchStoryboardName = LaunchScreen;
				INFOPLIST_KEY_UIMainStoryboardFile = Main;
				INFOPLIST_KEY_UISupportedInterfaceOrientations = "UIInterfaceOrientationPortrait UIInterfaceOrientationLandscapeLeft UIInterfaceOrientationLandscapeRight";
				INFOPLIST_KEY_UISupportedInterfaceOrientations_iPad = "UIInterfaceOrientationPortrait UIInterfaceOrientationPortraitUpsideDown UIInterfaceOrientationLandscapeLeft UIInterfaceOrientationLandscapeRight";
				INFOPLIST_KEY_UISupportedInterfaceOrientations_iPhone = "UIInterfaceOrientationPortrait UIInterfaceOrientationLandscapeLeft UIInterfaceOrientationLandscapeRight";
				LD_RUNPATH_SEARCH_PATHS = (
					"$(inherited)",
					"@executable_path/Frameworks",
				);
				MARKETING_VERSION = 1.0;
				PRODUCT_BUNDLE_IDENTIFIER = "zakhar.kondratiuk.com.Enemy-Losses";
				PRODUCT_NAME = "$(TARGET_NAME)";
				SWIFT_EMIT_LOC_STRINGS = YES;
				SWIFT_VERSION = 5.0;
				TARGETED_DEVICE_FAMILY = "1,2";
			};
			name = Release;
		};
/* End XCBuildConfiguration section */

/* Begin XCConfigurationList section */
		84B3F02E2875EAC600F04C49 /* Build configuration list for PBXProject "Enemy Losses" */ = {
			isa = XCConfigurationList;
			buildConfigurations = (
				84B3F0452875EACB00F04C49 /* Debug */,
				84B3F0462875EACB00F04C49 /* Release */,
			);
			defaultConfigurationIsVisible = 0;
			defaultConfigurationName = Release;
		};
		84B3F0472875EACB00F04C49 /* Build configuration list for PBXNativeTarget "Enemy Losses" */ = {
			isa = XCConfigurationList;
			buildConfigurations = (
				84B3F0482875EACB00F04C49 /* Debug */,
				84B3F0492875EACB00F04C49 /* Release */,
			);
			defaultConfigurationIsVisible = 0;
			defaultConfigurationName = Release;
		};
/* End XCConfigurationList section */
	};
	rootObject = 84B3F02B2875EAC600F04C49 /* Project object */;
}
